
Microsoft Visual Studio Solution File, Format Version 12.00
# Visual Studio Version 16
VisualStudioVersion = 16.0.31605.320
MinimumVisualStudioVersion = 10.0.40219.1
Project("{FAE04EC0-301F-11D3-BF4B-00C04F79EFBC}") = "exercicio 03", "exercicio 03\exercicio 03.csproj", "{2B153EE9-A271-4A8D-907E-7A2A8842E80F}"
EndProject
Global
	GlobalSection(SolutionConfigurationPlatforms) = preSolution
		Debug|Any CPU = Debug|Any CPU
		Release|Any CPU = Release|Any CPU
	EndGlobalSection
	GlobalSection(ProjectConfigurationPlatforms) = postSolution
		{2B153EE9-A271-4A8D-907E-7A2A8842E80F}.Debug|Any CPU.ActiveCfg = Debug|Any CPU
		{2B153EE9-A271-4A8D-907E-7A2A8842E80F}.Debug|Any CPU.Build.0 = Debug|Any CPU
		{2B153EE9-A271-4A8D-907E-7A2A8842E80F}.Release|Any CPU.ActiveCfg = Release|Any CPU
		{2B153EE9-A271-4A8D-907E-7A2A8842E80F}.Release|Any CPU.Build.0 = Release|Any CPU
	EndGlobalSection
	GlobalSection(SolutionProperties) = preSolution
		HideSolutionNode = FALSE
	EndGlobalSection
	GlobalSection(ExtensibilityGlobals) = postSolution
		SolutionGuid = {DE27F519-7084-4872-85AB-6798720E048A}
	EndGlobalSection
EndGlobal
